
Microsoft Visual Studio Solution File, Format Version 12.00
# Visual Studio Version 16
VisualStudioVersion = 16.0.31005.135
MinimumVisualStudioVersion = 10.0.40219.1
Project("{FAE04EC0-301F-11D3-BF4B-00C04F79EFBC}") = "MathLibrary", "MathLibrary\MathLibrary.csproj", "{AA50DEC8-7401-4CEF-8D3E-A57355B24856}"
EndProject
Global
	GlobalSection(SolutionConfigurationPlatforms) = preSolution
		Debug|Any CPU = Debug|Any CPU
		Release|Any CPU = Release|Any CPU
	EndGlobalSection
	GlobalSection(ProjectConfigurationPlatforms) = postSolution
		{AA50DEC8-7401-4CEF-8D3E-A57355B24856}.Debug|Any CPU.ActiveCfg = Debug|Any CPU
		{AA50DEC8-7401-4CEF-8D3E-A57355B24856}.Debug|Any CPU.Build.0 = Debug|Any CPU
		{AA50DEC8-7401-4CEF-8D3E-A57355B24856}.Release|Any CPU.ActiveCfg = Release|Any CPU
		{AA50DEC8-7401-4CEF-8D3E-A57355B24856}.Release|Any CPU.Build.0 = Release|Any CPU
	EndGlobalSection
	GlobalSection(SolutionProperties) = preSolution
		HideSolutionNode = FALSE
	EndGlobalSection
	GlobalSection(ExtensibilityGlobals) = postSolution
		SolutionGuid = {5E01E925-289D-4831-B62E-58654D853F7F}
	EndGlobalSection
EndGlobal
